
Microsoft Visual Studio Solution File, Format Version 12.00
# Visual Studio Version 17
VisualStudioVersion = 17.7.34003.232
MinimumVisualStudioVersion = 10.0.40219.1
Project("{8BC9CEB8-8B4A-11D0-8D11-00A0C91BC942}") = "OpenGl_cource", "OpenGl_cource\OpenGl_cource.vcxproj", "{423A8BD2-41AD-419A-9BA9-DD9FD032A378}"
EndProject
Global
	GlobalSection(SolutionConfigurationPlatforms) = preSolution
		Debug|x64 = Debug|x64
		Debug|x86 = Debug|x86
		Release|x64 = Release|x64
		Release|x86 = Release|x86
	EndGlobalSection
	GlobalSection(ProjectConfigurationPlatforms) = postSolution
		{423A8BD2-41AD-419A-9BA9-DD9FD032A378}.Debug|x64.ActiveCfg = Debug|x64
		{423A8BD2-41AD-419A-9BA9-DD9FD032A378}.Debug|x64.Build.0 = Debug|x64
		{423A8BD2-41AD-419A-9BA9-DD9FD032A378}.Debug|x86.ActiveCfg = Debug|Win32
		{423A8BD2-41AD-419A-9BA9-DD9FD032A378}.Debug|x86.Build.0 = Debug|Win32
		{423A8BD2-41AD-419A-9BA9-DD9FD032A378}.Release|x64.ActiveCfg = Release|x64
		{423A8BD2-41AD-419A-9BA9-DD9FD032A378}.Release|x64.Build.0 = Release|x64
		{423A8BD2-41AD-419A-9BA9-DD9FD032A378}.Release|x86.ActiveCfg = Release|Win32
		{423A8BD2-41AD-419A-9BA9-DD9FD032A378}.Release|x86.Build.0 = Release|Win32
	EndGlobalSection
	GlobalSection(SolutionProperties) = preSolution
		HideSolutionNode = FALSE
	EndGlobalSection
	GlobalSection(ExtensibilityGlobals) = postSolution
		SolutionGuid = {1869F218-CCE6-416A-B51B-12E7652440DB}
	EndGlobalSection
EndGlobal
